
Microsoft Visual Studio Solution File, Format Version 12.00
# Visual Studio Version 17
VisualStudioVersion = 17.2.32616.157
MinimumVisualStudioVersion = 10.0.40219.1
Project("{FAE04EC0-301F-11D3-BF4B-00C04F79EFBC}") = "Discord-AppleMusicRP", "Discord-AppleMusicRP\Discord-AppleMusicRP.csproj", "{44ED7AB2-957D-4891-BEE6-7DDA0513392A}"
EndProject
Global
	GlobalSection(SolutionConfigurationPlatforms) = preSolution
		Debug|Any CPU = Debug|Any CPU
		Release|Any CPU = Release|Any CPU
	EndGlobalSection
	GlobalSection(ProjectConfigurationPlatforms) = postSolution
		{44ED7AB2-957D-4891-BEE6-7DDA0513392A}.Debug|Any CPU.ActiveCfg = Debug|Any CPU
		{44ED7AB2-957D-4891-BEE6-7DDA0513392A}.Debug|Any CPU.Build.0 = Debug|Any CPU
		{44ED7AB2-957D-4891-BEE6-7DDA0513392A}.Release|Any CPU.ActiveCfg = Release|Any CPU
		{44ED7AB2-957D-4891-BEE6-7DDA0513392A}.Release|Any CPU.Build.0 = Release|Any CPU
	EndGlobalSection
	GlobalSection(SolutionProperties) = preSolution
		HideSolutionNode = FALSE
	EndGlobalSection
	GlobalSection(ExtensibilityGlobals) = postSolution
		SolutionGuid = {576D4976-84D3-4A7F-994F-C99C8C7ECBE1}
	EndGlobalSection
EndGlobal
